
Microsoft Visual Studio Solution File, Format Version 12.00
# Visual Studio Version 16
VisualStudioVersion = 16.0.30503.244
MinimumVisualStudioVersion = 10.0.40219.1
Project("{FAE04EC0-301F-11D3-BF4B-00C04F79EFBC}") = "Character Multiplier", "Character Multiplier\Character Multiplier.csproj", "{1093D94E-F8FA-48C4-97BB-406720506C40}"
EndProject
Project("{FAE04EC0-301F-11D3-BF4B-00C04F79EFBC}") = "String Explosion", "String Explosion\String Explosion.csproj", "{3D996EAB-7A69-45E3-A505-4077812E49D1}"
EndProject
Global
	GlobalSection(SolutionConfigurationPlatforms) = preSolution
		Debug|Any CPU = Debug|Any CPU
		Release|Any CPU = Release|Any CPU
	EndGlobalSection
	GlobalSection(ProjectConfigurationPlatforms) = postSolution
		{1093D94E-F8FA-48C4-97BB-406720506C40}.Debug|Any CPU.ActiveCfg = Debug|Any CPU
		{1093D94E-F8FA-48C4-97BB-406720506C40}.Debug|Any CPU.Build.0 = Debug|Any CPU
		{1093D94E-F8FA-48C4-97BB-406720506C40}.Release|Any CPU.ActiveCfg = Release|Any CPU
		{1093D94E-F8FA-48C4-97BB-406720506C40}.Release|Any CPU.Build.0 = Release|Any CPU
		{3D996EAB-7A69-45E3-A505-4077812E49D1}.Debug|Any CPU.ActiveCfg = Debug|Any CPU
		{3D996EAB-7A69-45E3-A505-4077812E49D1}.Debug|Any CPU.Build.0 = Debug|Any CPU
		{3D996EAB-7A69-45E3-A505-4077812E49D1}.Release|Any CPU.ActiveCfg = Release|Any CPU
		{3D996EAB-7A69-45E3-A505-4077812E49D1}.Release|Any CPU.Build.0 = Release|Any CPU
	EndGlobalSection
	GlobalSection(SolutionProperties) = preSolution
		HideSolutionNode = FALSE
	EndGlobalSection
	GlobalSection(ExtensibilityGlobals) = postSolution
		SolutionGuid = {138D8F11-6C31-4141-A53C-075559B30E62}
	EndGlobalSection
EndGlobal
